// !$*UTF8*$!
{
	archiveVersion = 1;
	classes = {
	};
	objectVersion = 50;
	objects = {

/* Begin PBXBuildFile section */
		B7A17C9C25BA039D00A7362C /* AppDelegate.swift in Sources */ = {isa = PBXBuildFile; fileRef = B7A17C9B25BA039D00A7362C /* AppDelegate.swift */; };
		B7A17C9E25BA039D00A7362C /* SceneDelegate.swift in Sources */ = {isa = PBXBuildFile; fileRef = B7A17C9D25BA039D00A7362C /* SceneDelegate.swift */; };
		B7A17CA025BA039D00A7362C /* ViewController.swift in Sources */ = {isa = PBXBuildFile; fileRef = B7A17C9F25BA039D00A7362C /* ViewController.swift */; };
		B7A17CA325BA039D00A7362C /* Main.storyboard in Resources */ = {isa = PBXBuildFile; fileRef = B7A17CA125BA039D00A7362C /* Main.storyboard */; };
		B7A17CA525BA039D00A7362C /* Assets.xcassets in Resources */ = {isa = PBXBuildFile; fileRef = B7A17CA425BA039D00A7362C /* Assets.xcassets */; };
		B7A17CA825BA039D00A7362C /* LaunchScreen.storyboard in Resources */ = {isa = PBXBuildFile; fileRef = B7A17CA625BA039D00A7362C /* LaunchScreen.storyboard */; };
		B7A17CB325BA039E00A7362C /* PreworkTests.swift in Sources */ = {isa = PBXBuildFile; fileRef = B7A17CB225BA039E00A7362C /* PreworkTests.swift */; };
		B7A17CBE25BA039E00A7362C /* PreworkUITests.swift in Sources */ = {isa = PBXBuildFile; fileRef = B7A17CBD25BA039E00A7362C /* PreworkUITests.swift */; };
/* End PBXBuildFile section */

/* Begin PBXContainerItemProxy section */
		B7A17CAF25BA039E00A7362C /* PBXContainerItemProxy */ = {
			isa = PBXContainerItemProxy;
			containerPortal = B7A17C9025BA039D00A7362C /* Project object */;
			proxyType = 1;
			remoteGlobalIDString = B7A17C9725BA039D00A7362C;
			remoteInfo = Prework;
		};
		B7A17CBA25BA039E00A7362C /* PBXContainerItemProxy */ = {
			isa = PBXContainerItemProxy;
			containerPortal = B7A17C9025BA039D00A7362C /* Project object */;
			proxyType = 1;
			remoteGlobalIDString = B7A17C9725BA039D00A7362C;
			remoteInfo = Prework;
		};
/* End PBXContainerItemProxy section */

/* Begin PBXFileReference section */
		B7A17C9825BA039D00A7362C /* Prework.app */ = {isa = PBXFileReference; explicitFileType = wrapper.application; includeInIndex = 0; path = Prework.app; sourceTree = BUILT_PRODUCTS_DIR; };
		B7A17C9B25BA039D00A7362C /* AppDelegate.swift */ = {isa = PBXFileReference; lastKnownFileType = sourcecode.swift; path = AppDelegate.swift; sourceTree = "<group>"; };
		B7A17C9D25BA039D00A7362C /* SceneDelegate.swift */ = {isa = PBXFileReference; lastKnownFileType = sourcecode.swift; path = SceneDelegate.swift; sourceTree = "<group>"; };
		B7A17C9F25BA039D00A7362C /* ViewController.swift */ = {isa = PBXFileReference; lastKnownFileType = sourcecode.swift; path = ViewController.swift; sourceTree = "<group>"; };
		B7A17CA225BA039D00A7362C /* Base */ = {isa = PBXFileReference; lastKnownFileType = file.storyboard; name = Base; path = Base.lproj/Main.storyboard; sourceTree = "<group>"; };
		B7A17CA425BA039D00A7362C /* Assets.xcassets */ = {isa = PBXFileReference; lastKnownFileType = folder.assetcatalog; path = Assets.xcassets; sourceTree = "<group>"; };
		B7A17CA725BA039D00A7362C /* Base */ = {isa = PBXFileReference; lastKnownFileType = file.storyboard; name = Base; path = Base.lproj/LaunchScreen.storyboard; sourceTree = "<group>"; };
		B7A17CA925BA039D00A7362C /* Info.plist */ = {isa = PBXFileReference; lastKnownFileType = text.plist.xml; path = Info.plist; sourceTree = "<group>"; };
		B7A17CAE25BA039E00A7362C /* PreworkTests.xctest */ = {isa = PBXFileReference; explicitFileType = wrapper.cfbundle; includeInIndex = 0; path = PreworkTests.xctest; sourceTree = BUILT_PRODUCTS_DIR; };
		B7A17CB225BA039E00A7362C /* PreworkTests.swift */ = {isa = PBXFileReference; lastKnownFileType = sourcecode.swift; path = PreworkTests.swift; sourceTree = "<group>"; };
		B7A17CB425BA039E00A7362C /* Info.plist */ = {isa = PBXFileReference; lastKnownFileType = text.plist.xml; path = Info.plist; sourceTree = "<group>"; };
		B7A17CB925BA039E00A7362C /* PreworkUITests.xctest */ = {isa = PBXFileReference; explicitFileType = wrapper.cfbundle; includeInIndex = 0; path = PreworkUITests.xctest; sourceTree = BUILT_PRODUCTS_DIR; };
		B7A17CBD25BA039E00A7362C /* PreworkUITests.swift */ = {isa = PBXFileReference; lastKnownFileType = sourcecode.swift; path = PreworkUITests.swift; sourceTree = "<group>"; };
		B7A17CBF25BA039E00A7362C /* Info.plist */ = {isa = PBXFileReference; lastKnownFileType = text.plist.xml; path = Info.plist; sourceTree = "<group>"; };
/* End PBXFileReference section */

/* Begin PBXFrameworksBuildPhase section */
		B7A17C9525BA039D00A7362C /* Frameworks */ = {
			isa = PBXFrameworksBuildPhase;
			buildActionMask = 2147483647;
			files = (
			);
			runOnlyForDeploymentPostprocessing = 0;
		};
		B7A17CAB25BA039E00A7362C /* Frameworks */ = {
			isa = PBXFrameworksBuildPhase;
			buildActionMask = 2147483647;
			files = (
			);
			runOnlyForDeploymentPostprocessing = 0;
		};
		B7A17CB625BA039E00A7362C /* Frameworks */ = {
			isa = PBXFrameworksBuildPhase;
			buildActionMask = 2147483647;
			files = (
			);
			runOnlyForDeploymentPostprocessing = 0;
		};
/* End PBXFrameworksBuildPhase section */

/* Begin PBXGroup section */
		B7A17C8F25BA039D00A7362C = {
			isa = PBXGroup;
			children = (
				B7A17C9A25BA039D00A7362C /* Prework */,
				B7A17CB125BA039E00A7362C /* PreworkTests */,
				B7A17CBC25BA039E00A7362C /* PreworkUITests */,
				B7A17C9925BA039D00A7362C /* Products */,
			);
			sourceTree = "<group>";
		};
		B7A17C9925BA039D00A7362C /* Products */ = {
			isa = PBXGroup;
			children = (
				B7A17C9825BA039D00A7362C /* Prework.app */,
				B7A17CAE25BA039E00A7362C /* PreworkTests.xctest */,
				B7A17CB925BA039E00A7362C /* PreworkUITests.xctest */,
			);
			name = Products;
			sourceTree = "<group>";
		};
		B7A17C9A25BA039D00A7362C /* Prework */ = {
			isa = PBXGroup;
			children = (
				B7A17C9B25BA039D00A7362C /* AppDelegate.swift */,
				B7A17C9D25BA039D00A7362C /* SceneDelegate.swift */,
				B7A17C9F25BA039D00A7362C /* ViewController.swift */,
				B7A17CA125BA039D00A7362C /* Main.storyboard */,
				B7A17CA425BA039D00A7362C /* Assets.xcassets */,
				B7A17CA625BA039D00A7362C /* LaunchScreen.storyboard */,
				B7A17CA925BA039D00A7362C /* Info.plist */,
			);
			path = Prework;
			sourceTree = "<group>";
		};
		B7A17CB125BA039E00A7362C /* PreworkTests */ = {
			isa = PBXGroup;
			children = (
				B7A17CB225BA039E00A7362C /* PreworkTests.swift */,
				B7A17CB425BA039E00A7362C /* Info.plist */,
			);
			path = PreworkTests;
			sourceTree = "<group>";
		};
		B7A17CBC25BA039E00A7362C /* PreworkUITests */ = {
			isa = PBXGroup;
			children = (
				B7A17CBD25BA039E00A7362C /* PreworkUITests.swift */,
				B7A17CBF25BA039E00A7362C /* Info.plist */,
			);
			path = PreworkUITests;
			sourceTree = "<group>";
		};
/* End PBXGroup section */

/* Begin PBXNativeTarget section */
		B7A17C9725BA039D00A7362C /* Prework */ = {
			isa = PBXNativeTarget;
			buildConfigurationList = B7A17CC225BA039E00A7362C /* Build configuration list for PBXNativeTarget "Prework" */;
			buildPhases = (
				B7A17C9425BA039D00A7362C /* Sources */,
				B7A17C9525BA039D00A7362C /* Frameworks */,
				B7A17C9625BA039D00A7362C /* Resources */,
			);
			buildRules = (
			);
			dependencies = (
			);
			name = Prework;
			productName = Prework;
			productReference = B7A17C9825BA039D00A7362C /* Prework.app */;
			productType = "com.apple.product-type.application";
		};
		B7A17CAD25BA039E00A7362C /* PreworkTests */ = {
			isa = PBXNativeTarget;
			buildConfigurationList = B7A17CC525BA039E00A7362C /* Build configuration list for PBXNativeTarget "PreworkTests" */;
			buildPhases = (
				B7A17CAA25BA039E00A7362C /* Sources */,
				B7A17CAB25BA039E00A7362C /* Frameworks */,
				B7A17CAC25BA039E00A7362C /* Resources */,
			);
			buildRules = (
			);
			dependencies = (
				B7A17CB025BA039E00A7362C /* PBXTargetDependency */,
			);
			name = PreworkTests;
			productName = PreworkTests;
			productReference = B7A17CAE25BA039E00A7362C /* PreworkTests.xctest */;
			productType = "com.apple.product-type.bundle.unit-test";
		};
		B7A17CB825BA039E00A7362C /* PreworkUITests */ = {
			isa = PBXNativeTarget;
			buildConfigurationList = B7A17CC825BA039E00A7362C /* Build configuration list for PBXNativeTarget "PreworkUITests" */;
			buildPhases = (
				B7A17CB525BA039E00A7362C /* Sources */,
				B7A17CB625BA039E00A7362C /* Frameworks */,
				B7A17CB725BA039E00A7362C /* Resources */,
			);
			buildRules = (
			);
			dependencies = (
				B7A17CBB25BA039E00A7362C /* PBXTargetDependency */,
			);
			name = PreworkUITests;
			productName = PreworkUITests;
			productReference = B7A17CB925BA039E00A7362C /* PreworkUITests.xctest */;
			productType = "com.apple.product-type.bundle.ui-testing";
		};
/* End PBXNativeTarget section */

/* Begin PBXProject section */
		B7A17C9025BA039D00A7362C /* Project object */ = {
			isa = PBXProject;
			attributes = {
				LastSwiftUpdateCheck = 1230;
				LastUpgradeCheck = 1230;
				TargetAttributes = {
					B7A17C9725BA039D00A7362C = {
						CreatedOnToolsVersion = 12.3;
					};
					B7A17CAD25BA039E00A7362C = {
						CreatedOnToolsVersion = 12.3;
						TestTargetID = B7A17C9725BA039D00A7362C;
					};
					B7A17CB825BA039E00A7362C = {
						CreatedOnToolsVersion = 12.3;
						TestTargetID = B7A17C9725BA039D00A7362C;
					};
				};
			};
			buildConfigurationList = B7A17C9325BA039D00A7362C /* Build configuration list for PBXProject "Prework" */;
			compatibilityVersion = "Xcode 9.3";
			developmentRegion = en;
			hasScannedForEncodings = 0;
			knownRegions = (
				en,
				Base,
			);
			mainGroup = B7A17C8F25BA039D00A7362C;
			productRefGroup = B7A17C9925BA039D00A7362C /* Products */;
			projectDirPath = "";
			projectRoot = "";
			targets = (
				B7A17C9725BA039D00A7362C /* Prework */,
				B7A17CAD25BA039E00A7362C /* PreworkTests */,
				B7A17CB825BA039E00A7362C /* PreworkUITests */,
			);
		};
/* End PBXProject section */

/* Begin PBXResourcesBuildPhase section */
		B7A17C9625BA039D00A7362C /* Resources */ = {
			isa = PBXResourcesBuildPhase;
			buildActionMask = 2147483647;
			files = (
				B7A17CA825BA039D00A7362C /* LaunchScreen.storyboard in Resources */,
				B7A17CA525BA039D00A7362C /* Assets.xcassets in Resources */,
				B7A17CA325BA039D00A7362C /* Main.storyboard in Resources */,
			);
			runOnlyForDeploymentPostprocessing = 0;
		};
		B7A17CAC25BA039E00A7362C /* Resources */ = {
			isa = PBXResourcesBuildPhase;
			buildActionMask = 2147483647;
			files = (
			);
			runOnlyForDeploymentPostprocessing = 0;
		};
		B7A17CB725BA039E00A7362C /* Resources */ = {
			isa = PBXResourcesBuildPhase;
			buildActionMask = 2147483647;
			files = (
			);
			runOnlyForDeploymentPostprocessing = 0;
		};
/* End PBXResourcesBuildPhase section */

/* Begin PBXSourcesBuildPhase section */
		B7A17C9425BA039D00A7362C /* Sources */ = {
			isa = PBXSourcesBuildPhase;
			buildActionMask = 2147483647;
			files = (
				B7A17CA025BA039D00A7362C /* ViewController.swift in Sources */,
				B7A17C9C25BA039D00A7362C /* AppDelegate.swift in Sources */,
				B7A17C9E25BA039D00A7362C /* SceneDelegate.swift in Sources */,
			);
			runOnlyForDeploymentPostprocessing = 0;
		};
		B7A17CAA25BA039E00A7362C /* Sources */ = {
			isa = PBXSourcesBuildPhase;
			buildActionMask = 2147483647;
			files = (
				B7A17CB325BA039E00A7362C /* PreworkTests.swift in Sources */,
			);
			runOnlyForDeploymentPostprocessing = 0;
		};
		B7A17CB525BA039E00A7362C /* Sources */ = {
			isa = PBXSourcesBuildPhase;
			buildActionMask = 2147483647;
			files = (
				B7A17CBE25BA039E00A7362C /* PreworkUITests.swift in Sources */,
			);
			runOnlyForDeploymentPostprocessing = 0;
		};
/* End PBXSourcesBuildPhase section */

/* Begin PBXTargetDependency section */
		B7A17CB025BA039E00A7362C /* PBXTargetDependency */ = {
			isa = PBXTargetDependency;
			target = B7A17C9725BA039D00A7362C /* Prework */;
			targetProxy = B7A17CAF25BA039E00A7362C /* PBXContainerItemProxy */;
		};
		B7A17CBB25BA039E00A7362C /* PBXTargetDependency */ = {
			isa = PBXTargetDependency;
			target = B7A17C9725BA039D00A7362C /* Prework */;
			targetProxy = B7A17CBA25BA039E00A7362C /* PBXContainerItemProxy */;
		};
/* End PBXTargetDependency section */

/* Begin PBXVariantGroup section */
		B7A17CA125BA039D00A7362C /* Main.storyboard */ = {
			isa = PBXVariantGroup;
			children = (
				B7A17CA225BA039D00A7362C /* Base */,
			);
			name = Main.storyboard;
			sourceTree = "<group>";
		};
		B7A17CA625BA039D00A7362C /* LaunchScreen.storyboard */ = {
			isa = PBXVariantGroup;
			children = (
				B7A17CA725BA039D00A7362C /* Base */,
			);
			name = LaunchScreen.storyboard;
			sourceTree = "<group>";
		};
/* End PBXVariantGroup section */

/* Begin XCBuildConfiguration section */
		B7A17CC025BA039E00A7362C /* Debug */ = {
			isa = XCBuildConfiguration;
			buildSettings = {
				ALWAYS_SEARCH_USER_PATHS = NO;
				CLANG_ANALYZER_NONNULL = YES;
				CLANG_ANALYZER_NUMBER_OBJECT_CONVERSION = YES_AGGRESSIVE;
				CLANG_CXX_LANGUAGE_STANDARD = "gnu++14";
				CLANG_CXX_LIBRARY = "libc++";
				CLANG_ENABLE_MODULES = YES;
				CLANG_ENABLE_OBJC_ARC = YES;
				CLANG_ENABLE_OBJC_WEAK = YES;
				CLANG_WARN_BLOCK_CAPTURE_AUTORELEASING = YES;
				CLANG_WARN_BOOL_CONVERSION = YES;
				CLANG_WARN_COMMA = YES;
				CLANG_WARN_CONSTANT_CONVERSION = YES;
				CLANG_WARN_DEPRECATED_OBJC_IMPLEMENTATIONS = YES;
				CLANG_WARN_DIRECT_OBJC_ISA_USAGE = YES_ERROR;
				CLANG_WARN_DOCUMENTATION_COMMENTS = YES;
				CLANG_WARN_EMPTY_BODY = YES;
				CLANG_WARN_ENUM_CONVERSION = YES;
				CLANG_WARN_INFINITE_RECURSION = YES;
				CLANG_WARN_INT_CONVERSION = YES;
				CLANG_WARN_NON_LITERAL_NULL_CONVERSION = YES;
				CLANG_WARN_OBJC_IMPLICIT_RETAIN_SELF = YES;
				CLANG_WARN_OBJC_LITERAL_CONVERSION = YES;
				CLANG_WARN_OBJC_ROOT_CLASS = YES_ERROR;
				CLANG_WARN_QUOTED_INCLUDE_IN_FRAMEWORK_HEADER = YES;
				CLANG_WARN_RANGE_LOOP_ANALYSIS = YES;
				CLANG_WARN_STRICT_PROTOTYPES = YES;
				CLANG_WARN_SUSPICIOUS_MOVE = YES;
				CLANG_WARN_UNGUARDED_AVAILABILITY = YES_AGGRESSIVE;
				CLANG_WARN_UNREACHABLE_CODE = YES;
				CLANG_WARN__DUPLICATE_METHOD_MATCH = YES;
				COPY_PHASE_STRIP = NO;
				DEBUG_INFORMATION_FORMAT = dwarf;
				ENABLE_STRICT_OBJC_MSGSEND = YES;
				ENABLE_TESTABILITY = YES;
				GCC_C_LANGUAGE_STANDARD = gnu11;
				GCC_DYNAMIC_NO_PIC = NO;
				GCC_NO_COMMON_BLOCKS = YES;
				GCC_OPTIMIZATION_LEVEL = 0;
				GCC_PREPROCESSOR_DEFINITIONS = (
					"DEBUG=1",
					"$(inherited)",
				);
				GCC_WARN_64_TO_32_BIT_CONVERSION = YES;
				GCC_WARN_ABOUT_RETURN_TYPE = YES_ERROR;
				GCC_WARN_UNDECLARED_SELECTOR = YES;
				GCC_WARN_UNINITIALIZED_AUTOS = YES_AGGRESSIVE;
				GCC_WARN_UNUSED_FUNCTION = YES;
				GCC_WARN_UNUSED_VARIABLE = YES;
				IPHONEOS_DEPLOYMENT_TARGET = 14.3;
				MTL_ENABLE_DEBUG_INFO = INCLUDE_SOURCE;
				MTL_FAST_MATH = YES;
				ONLY_ACTIVE_ARCH = YES;
				SDKROOT = iphoneos;
				SWIFT_ACTIVE_COMPILATION_CONDITIONS = DEBUG;
				SWIFT_OPTIMIZATION_LEVEL = "-Onone";
			};
			name = Debug;
		};
		B7A17CC125BA039E00A7362C /* Release */ = {
			isa = XCBuildConfiguration;
			buildSettings = {
				ALWAYS_SEARCH_USER_PATHS = NO;
				CLANG_ANALYZER_NONNULL = YES;
				CLANG_ANALYZER_NUMBER_OBJECT_CONVERSION = YES_AGGRESSIVE;
				CLANG_CXX_LANGUAGE_STANDARD = "gnu++14";
				CLANG_CXX_LIBRARY = "libc++";
				CLANG_ENABLE_MODULES = YES;
				CLANG_ENABLE_OBJC_ARC = YES;
				CLANG_ENABLE_OBJC_WEAK = YES;
				CLANG_WARN_BLOCK_CAPTURE_AUTORELEASING = YES;
				CLANG_WARN_BOOL_CONVERSION = YES;
				CLANG_WARN_COMMA = YES;
				CLANG_WARN_CONSTANT_CONVERSION = YES;
				CLANG_WARN_DEPRECATED_OBJC_IMPLEMENTATIONS = YES;
				CLANG_WARN_DIRECT_OBJC_ISA_USAGE = YES_ERROR;
				CLANG_WARN_DOCUMENTATION_COMMENTS = YES;
				CLANG_WARN_EMPTY_BODY = YES;
				CLANG_WARN_ENUM_CONVERSION = YES;
				CLANG_WARN_INFINITE_RECURSION = YES;
				CLANG_WARN_INT_CONVERSION = YES;
				CLANG_WARN_NON_LITERAL_NULL_CONVERSION = YES;
				CLANG_WARN_OBJC_IMPLICIT_RETAIN_SELF = YES;
				CLANG_WARN_OBJC_LITERAL_CONVERSION = YES;
				CLANG_WARN_OBJC_ROOT_CLASS = YES_ERROR;
				CLANG_WARN_QUOTED_INCLUDE_IN_FRAMEWORK_HEADER = YES;
				CLANG_WARN_RANGE_LOOP_ANALYSIS = YES;
				CLANG_WARN_STRICT_PROTOTYPES = YES;
				CLANG_WARN_SUSPICIOUS_MOVE = YES;
				CLANG_WARN_UNGUARDED_AVAILABILITY = YES_AGGRESSIVE;
				CLANG_WARN_UNREACHABLE_CODE = YES;
				CLANG_WARN__DUPLICATE_METHOD_MATCH = YES;
				COPY_PHASE_STRIP = NO;
				DEBUG_INFORMATION_FORMAT = "dwarf-with-dsym";
				ENABLE_NS_ASSERTIONS = NO;
				ENABLE_STRICT_OBJC_MSGSEND = YES;
				GCC_C_LANGUAGE_STANDARD = gnu11;
				GCC_NO_COMMON_BLOCKS = YES;
				GCC_WARN_64_TO_32_BIT_CONVERSION = YES;
				GCC_WARN_ABOUT_RETURN_TYPE = YES_ERROR;
				GCC_WARN_UNDECLARED_SELECTOR = YES;
				GCC_WARN_UNINITIALIZED_AUTOS = YES_AGGRESSIVE;
				GCC_WARN_UNUSED_FUNCTION = YES;
				GCC_WARN_UNUSED_VARIABLE = YES;
				IPHONEOS_DEPLOYMENT_TARGET = 14.3;
				MTL_ENABLE_DEBUG_INFO = NO;
				MTL_FAST_MATH = YES;
				SDKROOT = iphoneos;
				SWIFT_COMPILATION_MODE = wholemodule;
				SWIFT_OPTIMIZATION_LEVEL = "-O";
				VALIDATE_PRODUCT = YES;
			};
			name = Release;
		};
		B7A17CC325BA039E00A7362C /* Debug */ = {
			isa = XCBuildConfiguration;
			buildSettings = {
				ASSETCATALOG_COMPILER_APPICON_NAME = AppIcon;
				ASSETCATALOG_COMPILER_GLOBAL_ACCENT_COLOR_NAME = AccentColor;
				CODE_SIGN_STYLE = Automatic;
				DEVELOPMENT_TEAM = 2GJMUD5NF2;
				INFOPLIST_FILE = Prework/Info.plist;
				LD_RUNPATH_SEARCH_PATHS = (
					"$(inherited)",
					"@executable_path/Frameworks",
				);
				PRODUCT_BUNDLE_IDENTIFIER = codepath.Prework;
				PRODUCT_NAME = "$(TARGET_NAME)";
				SWIFT_VERSION = 5.0;
				TARGETED_DEVICE_FAMILY = "1,2";
			};
			name = Debug;
		};
		B7A17CC425BA039E00A7362C /* Release */ = {
			isa = XCBuildConfiguration;
			buildSettings = {
				ASSETCATALOG_COMPILER_APPICON_NAME = AppIcon;
				ASSETCATALOG_COMPILER_GLOBAL_ACCENT_COLOR_NAME = AccentColor;
				CODE_SIGN_STYLE = Automatic;
				DEVELOPMENT_TEAM = 2GJMUD5NF2;
				INFOPLIST_FILE = Prework/Info.plist;
				LD_RUNPATH_SEARCH_PATHS = (
					"$(inherited)",
					"@executable_path/Frameworks",
				);
				PRODUCT_BUNDLE_IDENTIFIER = codepath.Prework;
				PRODUCT_NAME = "$(TARGET_NAME)";
				SWIFT_VERSION = 5.0;
				TARGETED_DEVICE_FAMILY = "1,2";
			};
			name = Release;
		};
		B7A17CC625BA039E00A7362C /* Debug */ = {
			isa = XCBuildConfiguration;
			buildSettings = {
				ALWAYS_EMBED_SWIFT_STANDARD_LIBRARIES = YES;
				BUNDLE_LOADER = "$(TEST_HOST)";
				CODE_SIGN_STYLE = Automatic;
				DEVELOPMENT_TEAM = 2GJMUD5NF2;
				INFOPLIST_FILE = PreworkTests/Info.plist;
				IPHONEOS_DEPLOYMENT_TARGET = 14.3;
				LD_RUNPATH_SEARCH_PATHS = (
					"$(inherited)",
					"@executable_path/Frameworks",
					"@loader_path/Frameworks",
				);
				PRODUCT_BUNDLE_IDENTIFIER = codepath.PreworkTests;
				PRODUCT_NAME = "$(TARGET_NAME)";
				SWIFT_VERSION = 5.0;
				TARGETED_DEVICE_FAMILY = "1,2";
				TEST_HOST = "$(BUILT_PRODUCTS_DIR)/Prework.app/Prework";
			};
			name = Debug;
		};
		B7A17CC725BA039E00A7362C /* Release */ = {
			isa = XCBuildConfiguration;
			buildSettings = {
				ALWAYS_EMBED_SWIFT_STANDARD_LIBRARIES = YES;
				BUNDLE_LOADER = "$(TEST_HOST)";
				CODE_SIGN_STYLE = Automatic;
				DEVELOPMENT_TEAM = 2GJMUD5NF2;
				INFOPLIST_FILE = PreworkTests/Info.plist;
				IPHONEOS_DEPLOYMENT_TARGET = 14.3;
				LD_RUNPATH_SEARCH_PATHS = (
					"$(inherited)",
					"@executable_path/Frameworks",
					"@loader_path/Frameworks",
				);
				PRODUCT_BUNDLE_IDENTIFIER = codepath.PreworkTests;
				PRODUCT_NAME = "$(TARGET_NAME)";
				SWIFT_VERSION = 5.0;
				TARGETED_DEVICE_FAMILY = "1,2";
				TEST_HOST = "$(BUILT_PRODUCTS_DIR)/Prework.app/Prework";
			};
			name = Release;
		};
		B7A17CC925BA039E00A7362C /* Debug */ = {
			isa = XCBuildConfiguration;
			buildSettings = {
				ALWAYS_EMBED_SWIFT_STANDARD_LIBRARIES = YES;
				CODE_SIGN_STYLE = Automatic;
				DEVELOPMENT_TEAM = 2GJMUD5NF2;
				INFOPLIST_FILE = PreworkUITests/Info.plist;
				LD_RUNPATH_SEARCH_PATHS = (
					"$(inherited)",
					"@executable_path/Frameworks",
					"@loader_path/Frameworks",
				);
				PRODUCT_BUNDLE_IDENTIFIER = codepath.PreworkUITests;
				PRODUCT_NAME = "$(TARGET_NAME)";
				SWIFT_VERSION = 5.0;
				TARGETED_DEVICE_FAMILY = "1,2";
				TEST_TARGET_NAME = Prework;
			};
			name = Debug;
		};
		B7A17CCA25BA039E00A7362C /* Release */ = {
			isa = XCBuildConfiguration;
			buildSettings = {
				ALWAYS_EMBED_SWIFT_STANDARD_LIBRARIES = YES;
				CODE_SIGN_STYLE = Automatic;
				DEVELOPMENT_TEAM = 2GJMUD5NF2;
				INFOPLIST_FILE = PreworkUITests/Info.plist;
				LD_RUNPATH_SEARCH_PATHS = (
					"$(inherited)",
					"@executable_path/Frameworks",
					"@loader_path/Frameworks",
				);
				PRODUCT_BUNDLE_IDENTIFIER = codepath.PreworkUITests;
				PRODUCT_NAME = "$(TARGET_NAME)";
				SWIFT_VERSION = 5.0;
				TARGETED_DEVICE_FAMILY = "1,2";
				TEST_TARGET_NAME = Prework;
			};
			name = Release;
		};
/* End XCBuildConfiguration section */

/* Begin XCConfigurationList section */
		B7A17C9325BA039D00A7362C /* Build configuration list for PBXProject "Prework" */ = {
			isa = XCConfigurationList;
			buildConfigurations = (
				B7A17CC025BA039E00A7362C /* Debug */,
				B7A17CC125BA039E00A7362C /* Release */,
			);
			defaultConfigurationIsVisible = 0;
			defaultConfigurationName = Release;
		};
		B7A17CC225BA039E00A7362C /* Build configuration list for PBXNativeTarget "Prework" */ = {
			isa = XCConfigurationList;
			buildConfigurations = (
				B7A17CC325BA039E00A7362C /* Debug */,
				B7A17CC425BA039E00A7362C /* Release */,
			);
			defaultConfigurationIsVisible = 0;
			defaultConfigurationName = Release;
		};
		B7A17CC525BA039E00A7362C /* Build configuration list for PBXNativeTarget "PreworkTests" */ = {
			isa = XCConfigurationList;
			buildConfigurations = (
				B7A17CC625BA039E00A7362C /* Debug */,
				B7A17CC725BA039E00A7362C /* Release */,
			);
			defaultConfigurationIsVisible = 0;
			defaultConfigurationName = Release;
		};
		B7A17CC825BA039E00A7362C /* Build configuration list for PBXNativeTarget "PreworkUITests" */ = {
			isa = XCConfigurationList;
			buildConfigurations = (
				B7A17CC925BA039E00A7362C /* Debug */,
				B7A17CCA25BA039E00A7362C /* Release */,
			);
			defaultConfigurationIsVisible = 0;
			defaultConfigurationName = Release;
		};
/* End XCConfigurationList section */
	};
	rootObject = B7A17C9025BA039D00A7362C /* Project object */;
}
